
Microsoft Visual Studio Solution File, Format Version 12.00
# Visual Studio Version 16
VisualStudioVersion = 16.0.30413.136
MinimumVisualStudioVersion = 10.0.40219.1
Project("{FAE04EC0-301F-11D3-BF4B-00C04F79EFBC}") = "OnboardingGame.Android", "OnboardingGame\OnboardingGame.Android\OnboardingGame.Android.csproj", "{9F33FD80-AB62-41DF-AE85-FFFEC2847DFA}"
EndProject
Project("{FAE04EC0-301F-11D3-BF4B-00C04F79EFBC}") = "OnboardingGame.iOS", "OnboardingGame\OnboardingGame.iOS\OnboardingGame.iOS.csproj", "{D0088B5A-13E7-46A3-ADC9-2B9A436A0887}"
EndProject
Project("{FAE04EC0-301F-11D3-BF4B-00C04F79EFBC}") = "OnboardingGame", "OnboardingGame\OnboardingGame\OnboardingGame.csproj", "{74939F73-B653-43CB-90BB-13054CB9C413}"
EndProject
Global
	GlobalSection(SolutionConfigurationPlatforms) = preSolution
		Debug|Any CPU = Debug|Any CPU
		Debug|iPhone = Debug|iPhone
		Debug|iPhoneSimulator = Debug|iPhoneSimulator
		Release|Any CPU = Release|Any CPU
		Release|iPhone = Release|iPhone
		Release|iPhoneSimulator = Release|iPhoneSimulator
	EndGlobalSection
	GlobalSection(ProjectConfigurationPlatforms) = postSolution
		{9F33FD80-AB62-41DF-AE85-FFFEC2847DFA}.Debug|Any CPU.ActiveCfg = Debug|Any CPU
		{9F33FD80-AB62-41DF-AE85-FFFEC2847DFA}.Debug|Any CPU.Build.0 = Debug|Any CPU
		{9F33FD80-AB62-41DF-AE85-FFFEC2847DFA}.Debug|Any CPU.Deploy.0 = Debug|Any CPU
		{9F33FD80-AB62-41DF-AE85-FFFEC2847DFA}.Debug|iPhone.ActiveCfg = Debug|Any CPU
		{9F33FD80-AB62-41DF-AE85-FFFEC2847DFA}.Debug|iPhone.Build.0 = Debug|Any CPU
		{9F33FD80-AB62-41DF-AE85-FFFEC2847DFA}.Debug|iPhone.Deploy.0 = Debug|Any CPU
		{9F33FD80-AB62-41DF-AE85-FFFEC2847DFA}.Debug|iPhoneSimulator.ActiveCfg = Debug|Any CPU
		{9F33FD80-AB62-41DF-AE85-FFFEC2847DFA}.Debug|iPhoneSimulator.Build.0 = Debug|Any CPU
		{9F33FD80-AB62-41DF-AE85-FFFEC2847DFA}.Debug|iPhoneSimulator.Deploy.0 = Debug|Any CPU
		{9F33FD80-AB62-41DF-AE85-FFFEC2847DFA}.Release|Any CPU.ActiveCfg = Release|Any CPU
		{9F33FD80-AB62-41DF-AE85-FFFEC2847DFA}.Release|Any CPU.Build.0 = Release|Any CPU
		{9F33FD80-AB62-41DF-AE85-FFFEC2847DFA}.Release|Any CPU.Deploy.0 = Release|Any CPU
		{9F33FD80-AB62-41DF-AE85-FFFEC2847DFA}.Release|iPhone.ActiveCfg = Release|Any CPU
		{9F33FD80-AB62-41DF-AE85-FFFEC2847DFA}.Release|iPhone.Build.0 = Release|Any CPU
		{9F33FD80-AB62-41DF-AE85-FFFEC2847DFA}.Release|iPhone.Deploy.0 = Release|Any CPU
		{9F33FD80-AB62-41DF-AE85-FFFEC2847DFA}.Release|iPhoneSimulator.ActiveCfg = Release|Any CPU
		{9F33FD80-AB62-41DF-AE85-FFFEC2847DFA}.Release|iPhoneSimulator.Build.0 = Release|Any CPU
		{9F33FD80-AB62-41DF-AE85-FFFEC2847DFA}.Release|iPhoneSimulator.Deploy.0 = Release|Any CPU
		{D0088B5A-13E7-46A3-ADC9-2B9A436A0887}.Debug|Any CPU.ActiveCfg = Debug|iPhone
		{D0088B5A-13E7-46A3-ADC9-2B9A436A0887}.Debug|Any CPU.Build.0 = Debug|iPhone
		{D0088B5A-13E7-46A3-ADC9-2B9A436A0887}.Debug|Any CPU.Deploy.0 = Debug|iPhone
		{D0088B5A-13E7-46A3-ADC9-2B9A436A0887}.Debug|iPhone.ActiveCfg = Debug|iPhone
		{D0088B5A-13E7-46A3-ADC9-2B9A436A0887}.Debug|iPhone.Build.0 = Debug|iPhone
		{D0088B5A-13E7-46A3-ADC9-2B9A436A0887}.Debug|iPhone.Deploy.0 = Debug|iPhone
		{D0088B5A-13E7-46A3-ADC9-2B9A436A0887}.Debug|iPhoneSimulator.ActiveCfg = Debug|iPhoneSimulator
		{D0088B5A-13E7-46A3-ADC9-2B9A436A0887}.Debug|iPhoneSimulator.Build.0 = Debug|iPhoneSimulator
		{D0088B5A-13E7-46A3-ADC9-2B9A436A0887}.Debug|iPhoneSimulator.Deploy.0 = Debug|iPhoneSimulator
		{D0088B5A-13E7-46A3-ADC9-2B9A436A0887}.Release|Any CPU.ActiveCfg = Release|iPhone
		{D0088B5A-13E7-46A3-ADC9-2B9A436A0887}.Release|Any CPU.Build.0 = Release|iPhone
		{D0088B5A-13E7-46A3-ADC9-2B9A436A0887}.Release|Any CPU.Deploy.0 = Release|iPhone
		{D0088B5A-13E7-46A3-ADC9-2B9A436A0887}.Release|iPhone.ActiveCfg = Release|iPhone
		{D0088B5A-13E7-46A3-ADC9-2B9A436A0887}.Release|iPhone.Build.0 = Release|iPhone
		{D0088B5A-13E7-46A3-ADC9-2B9A436A0887}.Release|iPhone.Deploy.0 = Release|iPhone
		{D0088B5A-13E7-46A3-ADC9-2B9A436A0887}.Release|iPhoneSimulator.ActiveCfg = Release|iPhoneSimulator
		{D0088B5A-13E7-46A3-ADC9-2B9A436A0887}.Release|iPhoneSimulator.Build.0 = Release|iPhoneSimulator
		{D0088B5A-13E7-46A3-ADC9-2B9A436A0887}.Release|iPhoneSimulator.Deploy.0 = Release|iPhoneSimulator
		{74939F73-B653-43CB-90BB-13054CB9C413}.Debug|Any CPU.ActiveCfg = Debug|Any CPU
		{74939F73-B653-43CB-90BB-13054CB9C413}.Debug|Any CPU.Build.0 = Debug|Any CPU
		{74939F73-B653-43CB-90BB-13054CB9C413}.Debug|Any CPU.Deploy.0 = Debug|Any CPU
		{74939F73-B653-43CB-90BB-13054CB9C413}.Debug|iPhone.ActiveCfg = Debug|Any CPU
		{74939F73-B653-43CB-90BB-13054CB9C413}.Debug|iPhone.Build.0 = Debug|Any CPU
		{74939F73-B653-43CB-90BB-13054CB9C413}.Debug|iPhone.Deploy.0 = Debug|Any CPU
		{74939F73-B653-43CB-90BB-13054CB9C413}.Debug|iPhoneSimulator.ActiveCfg = Debug|Any CPU
		{74939F73-B653-43CB-90BB-13054CB9C413}.Debug|iPhoneSimulator.Build.0 = Debug|Any CPU
		{74939F73-B653-43CB-90BB-13054CB9C413}.Debug|iPhoneSimulator.Deploy.0 = Debug|Any CPU
		{74939F73-B653-43CB-90BB-13054CB9C413}.Release|Any CPU.ActiveCfg = Release|Any CPU
		{74939F73-B653-43CB-90BB-13054CB9C413}.Release|Any CPU.Build.0 = Release|Any CPU
		{74939F73-B653-43CB-90BB-13054CB9C413}.Release|Any CPU.Deploy.0 = Release|Any CPU
		{74939F73-B653-43CB-90BB-13054CB9C413}.Release|iPhone.ActiveCfg = Release|Any CPU
		{74939F73-B653-43CB-90BB-13054CB9C413}.Release|iPhone.Build.0 = Release|Any CPU
		{74939F73-B653-43CB-90BB-13054CB9C413}.Release|iPhone.Deploy.0 = Release|Any CPU
		{74939F73-B653-43CB-90BB-13054CB9C413}.Release|iPhoneSimulator.ActiveCfg = Release|Any CPU
		{74939F73-B653-43CB-90BB-13054CB9C413}.Release|iPhoneSimulator.Build.0 = Release|Any CPU
		{74939F73-B653-43CB-90BB-13054CB9C413}.Release|iPhoneSimulator.Deploy.0 = Release|Any CPU
	EndGlobalSection
	GlobalSection(SolutionProperties) = preSolution
		HideSolutionNode = FALSE
	EndGlobalSection
	GlobalSection(ExtensibilityGlobals) = postSolution
		SolutionGuid = {18582EBE-C82A-441A-85D5-AE60DB10591C}
	EndGlobalSection
EndGlobal
